<?xml version="1.0" encoding="utf-8"?>
<Project ToolsVersion="4.0" xmlns="http://schemas.microsoft.com/developer/msbuild/2003">
  <ItemGroup>
    <Filter Include="Source Files">
      <UniqueIdentifier>{4FC737F1-C7A5-4376-A066-2A32D752A2FF}</UniqueIdentifier>
      <Extensions>cpp;c;cc;cxx;def;odl;idl;hpj;bat;asm;asmx</Extensions>
    </Filter>
    <Filter Include="Header Files">
      <UniqueIdentifier>{93995380-89BD-4b04-88EB-625FBE52EBFB}</UniqueIdentifier>
      <Extensions>h;hpp;hxx;hm;inl;inc;xsd</Extensions>
    </Filter>
    <Filter Include="Resource Files">
      <UniqueIdentifier>{67DA6AB6-F800-4c08-8B7A-83BB121AAD01}</UniqueIdentifier>
      <Extensions>rc;ico;cur;bmp;dlg;rc2;rct;bin;rgs;gif;jpg;jpeg;jpe;resx;tiff;tif;png;wav</Extensions>
    </Filter>
    <Filter Include="libs">
      <UniqueIdentifier>{4cbe4953-6cf4-4e6e-91b2-3cc35f1d59f9}</UniqueIdentifier>
    </Filter>
  </ItemGroup>
  <ItemGroup>
    <ClCompile Include="flac.c">
      <Filter>Source Files</Filter>
    </ClCompile>
    <ClCompile Include="prog.cpp">
      <Filter>Source Files</Filter>
    </ClCompile>
    <ClCompile Include="traitement.cpp">
      <Filter>Source Files</Filter>
    </ClCompile>
    <ClCompile Include="audio.cpp">
      <Filter>Source Files</Filter>
    </ClCompile>
    <ClCompile Include="uart.c">
      <Filter>Source Files</Filter>
    </ClCompile>
    <ClCompile Include="libs\portaudio\pa_debugprint.c">
      <Filter>libs</Filter>
    </ClCompile>
    <ClCompile Include="libs\portaudio\pa_front.c">
      <Filter>libs</Filter>
    </ClCompile>
    <ClCompile Include="libs\portaudio\pa_hostapis.c">
      <Filter>libs</Filter>
    </ClCompile>
    <ClCompile Include="libs\portaudio\pa_ringbuffer.c">
      <Filter>libs</Filter>
    </ClCompile>
    <ClCompile Include="libs\portaudio\pa_util.c">
      <Filter>libs</Filter>
    </ClCompile>
    <ClCompile Include="libs\pugixml.cpp">
      <Filter>libs</Filter>
    </ClCompile>
    <ClCompile Include="libs\slre.c">
      <Filter>libs</Filter>
    </ClCompile>
    <ClCompile Include="hardware.cpp">
      <Filter>Source Files</Filter>
    </ClCompile>
    <ClCompile Include="applications.cpp">
      <Filter>Source Files</Filter>
    </ClCompile>
    <ClCompile Include="fonction.cpp">
      <Filter>Source Files</Filter>
    </ClCompile>
    <ClCompile Include="translategoogle.cpp">
      <Filter>Source Files</Filter>
    </ClCompile>
  </ItemGroup>
  <ItemGroup>
    <ClInclude Include="flac.h">
      <Filter>Header Files</Filter>
    </ClInclude>
    <ClInclude Include="translategoogle.h">
      <Filter>Header Files</Filter>
    </ClInclude>
    <ClInclude Include="traitement.h">
      <Filter>Header Files</Filter>
    </ClInclude>
    <ClInclude Include="fonction.h">
      <Filter>Header Files</Filter>
    </ClInclude>
    <ClInclude Include="libs\slre.h">
      <Filter>Header Files</Filter>
    </ClInclude>
    <ClInclude Include="applications.h">
      <Filter>Header Files</Filter>
    </ClInclude>
    <ClInclude Include="uart.h">
      <Filter>Header Files</Filter>
    </ClInclude>
    <ClInclude Include="libs\snowboy-detect.h">
      <Filter>Header Files</Filter>
    </ClInclude>
    <ClInclude Include="audio.h">
      <Filter>Header Files</Filter>
    </ClInclude>
    <ClInclude Include="hardware.h">
      <Filter>Header Files</Filter>
    </ClInclude>
    <ClInclude Include="prog.h">
      <Filter>Header Files</Filter>
    </ClInclude>
  </ItemGroup>
</Project>